PODS:
  - Alamofire (5.9.1)
  - DatadogAlamofireExtension (2.14.1):
    - Alamofire (~> 5.0)
    - DatadogInternal (= 2.14.1)
  - DatadogCore (2.14.1):
    - DatadogInternal (= 2.14.1)
  - DatadogInternal (2.14.1)
  - DatadogRUM (2.14.1):
    - DatadogInternal (= 2.14.1)
  - DatadogTrace (2.14.1):
    - DatadogInternal (= 2.14.1)
    - OpenTelemetrySwiftApi (= 1.6.0)
  - OpenTelemetrySwiftApi (1.6.0)

DEPENDENCIES:
  - Alamofire (~> 5.9)
  - DatadogAlamofireExtension (~> 2.14)
  - DatadogCore
  - DatadogInternal
  - DatadogRUM
  - DatadogTrace

SPEC REPOS:
  trunk:
    - Alamofire
    - DatadogAlamofireExtension
    - DatadogCore
    - DatadogInternal
    - DatadogRUM
    - DatadogTrace
    - OpenTelemetrySwiftApi

SPEC CHECKSUMS:
  Alamofire: f36a35757af4587d8e4f4bfa223ad10be2422b8c
  DatadogAlamofireExtension: 5a42b86e92a6a70e9236c04ad8ff64e9eb38ea9d
  DatadogCore: c0591cad03f97673dc6f9b1c56f85a81fc0868c6
  DatadogInternal: 9d326664fe7aaef4c159aaf19a32cd2675b4c5fe
  DatadogRUM: 2c4d698619557aad6bf031178a046a70799b561d
  DatadogTrace: 18adb831078595a21210fdb7aad1db379e90dac1
  OpenTelemetrySwiftApi: 657da8071c2908caecce11548e006f779924ff9c

PODFILE CHECKSUM: f4ffeb77c01595ef1afc73998384fbbb640f430b

COCOAPODS: 1.15.2
